
Microsoft Visual Studio Solution File, Format Version 12.00
# Visual Studio Version 17
VisualStudioVersion = 17.0.31903.59
MinimumVisualStudioVersion = 10.0.40219.1
Project("{FAE04EC0-301F-11D3-BF4B-00C04F79EFBC}") = "GestioneSagre.Logger", "src\GestioneSagre.Logger\GestioneSagre.Logger.csproj", "{854CFD29-A516-4340-A205-FC028415D631}"
EndProject
Global
	GlobalSection(SolutionConfigurationPlatforms) = preSolution
		Debug|Any CPU = Debug|Any CPU
		Release|Any CPU = Release|Any CPU
	EndGlobalSection
	GlobalSection(ProjectConfigurationPlatforms) = postSolution
		{854CFD29-A516-4340-A205-FC028415D631}.Debug|Any CPU.ActiveCfg = Debug|Any CPU
		{854CFD29-A516-4340-A205-FC028415D631}.Debug|Any CPU.Build.0 = Debug|Any CPU
		{854CFD29-A516-4340-A205-FC028415D631}.Release|Any CPU.ActiveCfg = Release|Any CPU
		{854CFD29-A516-4340-A205-FC028415D631}.Release|Any CPU.Build.0 = Release|Any CPU
	EndGlobalSection
	GlobalSection(SolutionProperties) = preSolution
		HideSolutionNode = FALSE
	EndGlobalSection
	GlobalSection(ExtensibilityGlobals) = postSolution
		SolutionGuid = {A1ABE6F6-4B4C-4D73-874A-28373807DED0}
	EndGlobalSection
EndGlobal
